
Microsoft Visual Studio Solution File, Format Version 12.00
# Visual Studio Version 17
VisualStudioVersion = 17.7.34018.315
MinimumVisualStudioVersion = 10.0.40219.1
Project("{FAE04EC0-301F-11D3-BF4B-00C04F79EFBC}") = "Parcial2_AP1_Randy.Server", "Server\Parcial2_AP1_Randy.Server.csproj", "{A65344BD-2980-4366-8A29-9368E43596E6}"
EndProject
Project("{FAE04EC0-301F-11D3-BF4B-00C04F79EFBC}") = "Parcial2_AP1_Randy.Client", "Client\Parcial2_AP1_Randy.Client.csproj", "{2F1844DB-7AE0-4211-976C-9BD514041154}"
EndProject
Project("{FAE04EC0-301F-11D3-BF4B-00C04F79EFBC}") = "Parcial2_AP1_Randy.Shared", "Shared\Parcial2_AP1_Randy.Shared.csproj", "{2535BFC6-31E6-45C9-993E-FD615A0363A1}"
EndProject
Global
	GlobalSection(SolutionConfigurationPlatforms) = preSolution
		Debug|Any CPU = Debug|Any CPU
		Release|Any CPU = Release|Any CPU
	EndGlobalSection
	GlobalSection(ProjectConfigurationPlatforms) = postSolution
		{A65344BD-2980-4366-8A29-9368E43596E6}.Debug|Any CPU.ActiveCfg = Debug|Any CPU
		{A65344BD-2980-4366-8A29-9368E43596E6}.Debug|Any CPU.Build.0 = Debug|Any CPU
		{A65344BD-2980-4366-8A29-9368E43596E6}.Release|Any CPU.ActiveCfg = Release|Any CPU
		{A65344BD-2980-4366-8A29-9368E43596E6}.Release|Any CPU.Build.0 = Release|Any CPU
		{2F1844DB-7AE0-4211-976C-9BD514041154}.Debug|Any CPU.ActiveCfg = Debug|Any CPU
		{2F1844DB-7AE0-4211-976C-9BD514041154}.Debug|Any CPU.Build.0 = Debug|Any CPU
		{2F1844DB-7AE0-4211-976C-9BD514041154}.Release|Any CPU.ActiveCfg = Release|Any CPU
		{2F1844DB-7AE0-4211-976C-9BD514041154}.Release|Any CPU.Build.0 = Release|Any CPU
		{2535BFC6-31E6-45C9-993E-FD615A0363A1}.Debug|Any CPU.ActiveCfg = Debug|Any CPU
		{2535BFC6-31E6-45C9-993E-FD615A0363A1}.Debug|Any CPU.Build.0 = Debug|Any CPU
		{2535BFC6-31E6-45C9-993E-FD615A0363A1}.Release|Any CPU.ActiveCfg = Release|Any CPU
		{2535BFC6-31E6-45C9-993E-FD615A0363A1}.Release|Any CPU.Build.0 = Release|Any CPU
	EndGlobalSection
	GlobalSection(SolutionProperties) = preSolution
		HideSolutionNode = FALSE
	EndGlobalSection
	GlobalSection(ExtensibilityGlobals) = postSolution
		SolutionGuid = {B8821D54-0355-41FD-AD2D-7689709835CB}
	EndGlobalSection
EndGlobal
